
Microsoft Visual Studio Solution File, Format Version 11.00
# Visual Studio 2010
Project("{8BC9CEB8-8B4A-11D0-8D11-00A0C91BC942}") = "vc10_test_doc_code", "test_doc_code_\vc10_test_doc_code.vcxproj", "{EE61B7EF-EC45-4165-8B59-FD5B8D5A9FA0}"
EndProject
Global
	GlobalSection(SolutionConfigurationPlatforms) = preSolution
		Debug|Win32 = Debug|Win32
		Release|Win32 = Release|Win32
	EndGlobalSection
	GlobalSection(ProjectConfigurationPlatforms) = postSolution
		{EE61B7EF-EC45-4165-8B59-FD5B8D5A9FA0}.Debug|Win32.ActiveCfg = Debug|Win32
		{EE61B7EF-EC45-4165-8B59-FD5B8D5A9FA0}.Debug|Win32.Build.0 = Debug|Win32
		{EE61B7EF-EC45-4165-8B59-FD5B8D5A9FA0}.Release|Win32.ActiveCfg = Release|Win32
		{EE61B7EF-EC45-4165-8B59-FD5B8D5A9FA0}.Release|Win32.Build.0 = Release|Win32
	EndGlobalSection
	GlobalSection(SolutionProperties) = preSolution
		HideSolutionNode = FALSE
	EndGlobalSection
EndGlobal
