Microsoft Visual Studio Solution File, Format Version 8.00
Project("{8BC9CEB8-8B4A-11D0-8D11-00A0C91BC942}") = "Keyboard", "Keyboard.vcproj", "{4CBF564B-EEC6-49E1-B69B-CABF5DDFC684}"
	ProjectSection(ProjectDependencies) = postProject
	EndProjectSection
EndProject
Global
	GlobalSection(SolutionConfiguration) = preSolution
		Debug = Debug
		Release = Release
	EndGlobalSection
	GlobalSection(ProjectConfiguration) = postSolution
		{4CBF564B-EEC6-49E1-B69B-CABF5DDFC684}.Debug.ActiveCfg = Debug|Win32
		{4CBF564B-EEC6-49E1-B69B-CABF5DDFC684}.Debug.Build.0 = Debug|Win32
		{4CBF564B-EEC6-49E1-B69B-CABF5DDFC684}.Release.ActiveCfg = Release|Win32
		{4CBF564B-EEC6-49E1-B69B-CABF5DDFC684}.Release.Build.0 = Release|Win32
	EndGlobalSection
	GlobalSection(ExtensibilityGlobals) = postSolution
	EndGlobalSection
	GlobalSection(ExtensibilityAddIns) = postSolution
	EndGlobalSection
EndGlobal
