Microsoft Visual Studio Solution File, Format Version 8.00
Project("{8BC9CEB8-8B4A-11D0-8D11-00A0C91BC942}") = "PingPong", "PingPong.vcproj", "{11CCA9FC-6012-4B64-8C61-808D0F8D1B51}"
	ProjectSection(ProjectDependencies) = postProject
	EndProjectSection
EndProject
Global
	GlobalSection(SolutionConfiguration) = preSolution
		Debug = Debug
		Release = Release
	EndGlobalSection
	GlobalSection(ProjectConfiguration) = postSolution
		{11CCA9FC-6012-4B64-8C61-808D0F8D1B51}.Debug.ActiveCfg = Debug|Win32
		{11CCA9FC-6012-4B64-8C61-808D0F8D1B51}.Debug.Build.0 = Debug|Win32
		{11CCA9FC-6012-4B64-8C61-808D0F8D1B51}.Release.ActiveCfg = Release|Win32
		{11CCA9FC-6012-4B64-8C61-808D0F8D1B51}.Release.Build.0 = Release|Win32
	EndGlobalSection
	GlobalSection(ExtensibilityGlobals) = postSolution
	EndGlobalSection
	GlobalSection(ExtensibilityAddIns) = postSolution
	EndGlobalSection
EndGlobal
