Microsoft Visual Studio Solution File, Format Version 8.00
Project("{8BC9CEB8-8B4A-11D0-8D11-00A0C91BC942}") = "Camera", "Camera.vcproj", "{CF66596F-7DEA-4BB6-A728-F7FEF2889855}"
	ProjectSection(ProjectDependencies) = postProject
	EndProjectSection
EndProject
Global
	GlobalSection(SolutionConfiguration) = preSolution
		Debug = Debug
		Release = Release
	EndGlobalSection
	GlobalSection(ProjectConfiguration) = postSolution
		{CF66596F-7DEA-4BB6-A728-F7FEF2889855}.Debug.ActiveCfg = Debug|Win32
		{CF66596F-7DEA-4BB6-A728-F7FEF2889855}.Debug.Build.0 = Debug|Win32
		{CF66596F-7DEA-4BB6-A728-F7FEF2889855}.Release.ActiveCfg = Release|Win32
		{CF66596F-7DEA-4BB6-A728-F7FEF2889855}.Release.Build.0 = Release|Win32
	EndGlobalSection
	GlobalSection(ExtensibilityGlobals) = postSolution
	EndGlobalSection
	GlobalSection(ExtensibilityAddIns) = postSolution
	EndGlobalSection
EndGlobal
